
Microsoft Visual Studio Solution File, Format Version 12.00
# Visual Studio 15
VisualStudioVersion = 15.0.28010.2016
MinimumVisualStudioVersion = 10.0.40219.1
Project("{FAE04EC0-301F-11D3-BF4B-00C04F79EFBC}") = "Dog", "Dog\Dog.csproj", "{C5A3BE46-B0E9-4A11-A513-5AF75D493B9A}"
EndProject
Global
	GlobalSection(SolutionConfigurationPlatforms) = preSolution
		Debug|Any CPU = Debug|Any CPU
		Release|Any CPU = Release|Any CPU
	EndGlobalSection
	GlobalSection(ProjectConfigurationPlatforms) = postSolution
		{C5A3BE46-B0E9-4A11-A513-5AF75D493B9A}.Debug|Any CPU.ActiveCfg = Debug|Any CPU
		{C5A3BE46-B0E9-4A11-A513-5AF75D493B9A}.Debug|Any CPU.Build.0 = Debug|Any CPU
		{C5A3BE46-B0E9-4A11-A513-5AF75D493B9A}.Release|Any CPU.ActiveCfg = Release|Any CPU
		{C5A3BE46-B0E9-4A11-A513-5AF75D493B9A}.Release|Any CPU.Build.0 = Release|Any CPU
	EndGlobalSection
	GlobalSection(SolutionProperties) = preSolution
		HideSolutionNode = FALSE
	EndGlobalSection
	GlobalSection(ExtensibilityGlobals) = postSolution
		SolutionGuid = {70F93C0A-06C8-43A9-B59B-252232CD52AE}
	EndGlobalSection
EndGlobal
